
Microsoft Visual Studio Solution File, Format Version 12.00
# Visual Studio Version 16
VisualStudioVersion = 16.0.32002.261
MinimumVisualStudioVersion = 10.0.40219.1
Project("{FAE04EC0-301F-11D3-BF4B-00C04F79EFBC}") = "19-04-22 OOP ex 1", "19-04-22 OOP ex 1\19-04-22 OOP ex 1.csproj", "{A00D7087-F7C6-4D8D-99C0-F259FF85E9F7}"
EndProject
Global
	GlobalSection(SolutionConfigurationPlatforms) = preSolution
		Debug|Any CPU = Debug|Any CPU
		Release|Any CPU = Release|Any CPU
	EndGlobalSection
	GlobalSection(ProjectConfigurationPlatforms) = postSolution
		{A00D7087-F7C6-4D8D-99C0-F259FF85E9F7}.Debug|Any CPU.ActiveCfg = Debug|Any CPU
		{A00D7087-F7C6-4D8D-99C0-F259FF85E9F7}.Debug|Any CPU.Build.0 = Debug|Any CPU
		{A00D7087-F7C6-4D8D-99C0-F259FF85E9F7}.Release|Any CPU.ActiveCfg = Release|Any CPU
		{A00D7087-F7C6-4D8D-99C0-F259FF85E9F7}.Release|Any CPU.Build.0 = Release|Any CPU
	EndGlobalSection
	GlobalSection(SolutionProperties) = preSolution
		HideSolutionNode = FALSE
	EndGlobalSection
	GlobalSection(ExtensibilityGlobals) = postSolution
		SolutionGuid = {E3F77016-F2F0-40D9-933C-E7D4F0CC745F}
	EndGlobalSection
EndGlobal
